
Microsoft Visual Studio Solution File, Format Version 12.00
# Visual Studio Version 17
VisualStudioVersion = 17.9.34723.18
MinimumVisualStudioVersion = 10.0.40219.1
Project("{FAE04EC0-301F-11D3-BF4B-00C04F79EFBC}") = "FinalProjectOOP", "FinalProjectOOP\FinalProjectOOP.csproj", "{4AA8F26B-6A4E-4A33-8781-EF74A2579E0B}"
EndProject
Global
	GlobalSection(SolutionConfigurationPlatforms) = preSolution
		Debug|Any CPU = Debug|Any CPU
		Release|Any CPU = Release|Any CPU
	EndGlobalSection
	GlobalSection(ProjectConfigurationPlatforms) = postSolution
		{4AA8F26B-6A4E-4A33-8781-EF74A2579E0B}.Debug|Any CPU.ActiveCfg = Debug|Any CPU
		{4AA8F26B-6A4E-4A33-8781-EF74A2579E0B}.Debug|Any CPU.Build.0 = Debug|Any CPU
		{4AA8F26B-6A4E-4A33-8781-EF74A2579E0B}.Release|Any CPU.ActiveCfg = Release|Any CPU
		{4AA8F26B-6A4E-4A33-8781-EF74A2579E0B}.Release|Any CPU.Build.0 = Release|Any CPU
	EndGlobalSection
	GlobalSection(SolutionProperties) = preSolution
		HideSolutionNode = FALSE
	EndGlobalSection
	GlobalSection(ExtensibilityGlobals) = postSolution
		SolutionGuid = {262DFA6D-55BC-4500-ACA4-E545AC6AB31A}
	EndGlobalSection
EndGlobal
